<?xml version="1.0" encoding="utf-8"?>
<Project ToolsVersion="4.0" xmlns="http://schemas.microsoft.com/developer/msbuild/2003">
  <ItemGroup>
    <Filter Include="Source Files">
      <UniqueIdentifier>{4FC737F1-C7A5-4376-A066-2A32D752A2FF}</UniqueIdentifier>
      <Extensions>cpp;c;cc;cxx;def;odl;idl;hpj;bat;asm;asmx</Extensions>
    </Filter>
    <Filter Include="Header Files">
      <UniqueIdentifier>{93995380-89BD-4b04-88EB-625FBE52EBFB}</UniqueIdentifier>
      <Extensions>h;hh;hpp;hxx;hm;inl;inc;xsd</Extensions>
    </Filter>
    <Filter Include="Resource Files">
      <UniqueIdentifier>{67DA6AB6-F800-4c08-8B7A-83BB121AAD01}</UniqueIdentifier>
      <Extensions>rc;ico;cur;bmp;dlg;rc2;rct;bin;rgs;gif;jpg;jpeg;jpe;resx;tiff;tif;png;wav;mfcribbon-ms</Extensions>
    </Filter>
  </ItemGroup>
  <ItemGroup>
    <Text Include="ReadMe.txt" />
  </ItemGroup>
  <ItemGroup>
    <ClInclude Include="NoiService.h">
      <Filter>Header Files</Filter>
    </ClInclude>
    <ClInclude Include="NoiServiceDlg.h">
      <Filter>Header Files</Filter>
    </ClInclude>
    <ClInclude Include="stdafx.h">
      <Filter>Header Files</Filter>
    </ClInclude>
    <ClInclude Include="targetver.h">
      <Filter>Header Files</Filter>
    </ClInclude>
    <ClInclude Include="Resource.h">
      <Filter>Header Files</Filter>
    </ClInclude>
    <ClInclude Include="WebPageDownloader.h">
      <Filter>Header Files</Filter>
    </ClInclude>
    <ClInclude Include="baselib\include\mbedtls\aes.h">
      <Filter>Header Files</Filter>
    </ClInclude>
    <ClInclude Include="baselib\include\mbedtls\aesni.h">
      <Filter>Header Files</Filter>
    </ClInclude>
    <ClInclude Include="baselib\include\mbedtls\arc4.h">
      <Filter>Header Files</Filter>
    </ClInclude>
    <ClInclude Include="baselib\include\mbedtls\asn1.h">
      <Filter>Header Files</Filter>
    </ClInclude>
    <ClInclude Include="baselib\include\mbedtls\asn1write.h">
      <Filter>Header Files</Filter>
    </ClInclude>
    <ClInclude Include="baselib\include\mbedtls\base64.h">
      <Filter>Header Files</Filter>
    </ClInclude>
    <ClInclude Include="baselib\include\mbedtls\bignum.h">
      <Filter>Header Files</Filter>
    </ClInclude>
    <ClInclude Include="baselib\include\mbedtls\blowfish.h">
      <Filter>Header Files</Filter>
    </ClInclude>
    <ClInclude Include="baselib\include\mbedtls\bn_mul.h">
      <Filter>Header Files</Filter>
    </ClInclude>
    <ClInclude Include="baselib\include\mbedtls\camellia.h">
      <Filter>Header Files</Filter>
    </ClInclude>
    <ClInclude Include="baselib\include\mbedtls\ccm.h">
      <Filter>Header Files</Filter>
    </ClInclude>
    <ClInclude Include="baselib\include\mbedtls\certs.h">
      <Filter>Header Files</Filter>
    </ClInclude>
    <ClInclude Include="baselib\include\mbedtls\check_config.h">
      <Filter>Header Files</Filter>
    </ClInclude>
    <ClInclude Include="baselib\include\mbedtls\cipher.h">
      <Filter>Header Files</Filter>
    </ClInclude>
    <ClInclude Include="baselib\include\mbedtls\cipher_internal.h">
      <Filter>Header Files</Filter>
    </ClInclude>
    <ClInclude Include="baselib\include\mbedtls\cmac.h">
      <Filter>Header Files</Filter>
    </ClInclude>
    <ClInclude Include="baselib\include\mbedtls\compat-1.3.h">
      <Filter>Header Files</Filter>
    </ClInclude>
    <ClInclude Include="baselib\include\mbedtls\config.h">
      <Filter>Header Files</Filter>
    </ClInclude>
    <ClInclude Include="baselib\include\mbedtls\ctr_drbg.h">
      <Filter>Header Files</Filter>
    </ClInclude>
    <ClInclude Include="baselib\include\mbedtls\debug.h">
      <Filter>Header Files</Filter>
    </ClInclude>
    <ClInclude Include="baselib\include\mbedtls\des.h">
      <Filter>Header Files</Filter>
    </ClInclude>
    <ClInclude Include="baselib\include\mbedtls\dhm.h">
      <Filter>Header Files</Filter>
    </ClInclude>
    <ClInclude Include="baselib\include\mbedtls\ecdh.h">
      <Filter>Header Files</Filter>
    </ClInclude>
    <ClInclude Include="baselib\include\mbedtls\ecdsa.h">
      <Filter>Header Files</Filter>
    </ClInclude>
    <ClInclude Include="baselib\include\mbedtls\ecjpake.h">
      <Filter>Header Files</Filter>
    </ClInclude>
    <ClInclude Include="baselib\include\mbedtls\ecp.h">
      <Filter>Header Files</Filter>
    </ClInclude>
    <ClInclude Include="baselib\include\mbedtls\entropy.h">
      <Filter>Header Files</Filter>
    </ClInclude>
    <ClInclude Include="baselib\include\mbedtls\entropy_poll.h">
      <Filter>Header Files</Filter>
    </ClInclude>
    <ClInclude Include="baselib\include\mbedtls\error.h">
      <Filter>Header Files</Filter>
    </ClInclude>
    <ClInclude Include="baselib\include\mbedtls\gcm.h">
      <Filter>Header Files</Filter>
    </ClInclude>
    <ClInclude Include="baselib\include\mbedtls\havege.h">
      <Filter>Header Files</Filter>
    </ClInclude>
    <ClInclude Include="baselib\include\mbedtls\hmac_drbg.h">
      <Filter>Header Files</Filter>
    </ClInclude>
    <ClInclude Include="baselib\include\mbedtls\md.h">
      <Filter>Header Files</Filter>
    </ClInclude>
    <ClInclude Include="baselib\include\mbedtls\md_internal.h">
      <Filter>Header Files</Filter>
    </ClInclude>
    <ClInclude Include="baselib\include\mbedtls\md2.h">
      <Filter>Header Files</Filter>
    </ClInclude>
    <ClInclude Include="baselib\include\mbedtls\md4.h">
      <Filter>Header Files</Filter>
    </ClInclude>
    <ClInclude Include="baselib\include\mbedtls\md5.h">
      <Filter>Header Files</Filter>
    </ClInclude>
    <ClInclude Include="baselib\include\mbedtls\memory_buffer_alloc.h">
      <Filter>Header Files</Filter>
    </ClInclude>
    <ClInclude Include="baselib\include\mbedtls\net.h">
      <Filter>Header Files</Filter>
    </ClInclude>
    <ClInclude Include="baselib\include\mbedtls\net_sockets.h">
      <Filter>Header Files</Filter>
    </ClInclude>
    <ClInclude Include="baselib\include\mbedtls\oid.h">
      <Filter>Header Files</Filter>
    </ClInclude>
    <ClInclude Include="baselib\include\mbedtls\padlock.h">
      <Filter>Header Files</Filter>
    </ClInclude>
    <ClInclude Include="baselib\include\mbedtls\pem.h">
      <Filter>Header Files</Filter>
    </ClInclude>
    <ClInclude Include="baselib\include\mbedtls\pk.h">
      <Filter>Header Files</Filter>
    </ClInclude>
    <ClInclude Include="baselib\include\mbedtls\pk_internal.h">
      <Filter>Header Files</Filter>
    </ClInclude>
    <ClInclude Include="baselib\include\mbedtls\pkcs5.h">
      <Filter>Header Files</Filter>
    </ClInclude>
    <ClInclude Include="baselib\include\mbedtls\pkcs11.h">
      <Filter>Header Files</Filter>
    </ClInclude>
    <ClInclude Include="baselib\include\mbedtls\pkcs12.h">
      <Filter>Header Files</Filter>
    </ClInclude>
    <ClInclude Include="baselib\include\mbedtls\platform.h">
      <Filter>Header Files</Filter>
    </ClInclude>
    <ClInclude Include="baselib\include\mbedtls\platform_time.h">
      <Filter>Header Files</Filter>
    </ClInclude>
    <ClInclude Include="baselib\include\mbedtls\ripemd160.h">
      <Filter>Header Files</Filter>
    </ClInclude>
    <ClInclude Include="baselib\include\mbedtls\rsa.h">
      <Filter>Header Files</Filter>
    </ClInclude>
    <ClInclude Include="baselib\include\mbedtls\sha1.h">
      <Filter>Header Files</Filter>
    </ClInclude>
    <ClInclude Include="baselib\include\mbedtls\sha256.h">
      <Filter>Header Files</Filter>
    </ClInclude>
    <ClInclude Include="baselib\include\mbedtls\sha512.h">
      <Filter>Header Files</Filter>
    </ClInclude>
    <ClInclude Include="baselib\include\mbedtls\ssl.h">
      <Filter>Header Files</Filter>
    </ClInclude>
    <ClInclude Include="baselib\include\mbedtls\ssl_cache.h">
      <Filter>Header Files</Filter>
    </ClInclude>
    <ClInclude Include="baselib\include\mbedtls\ssl_ciphersuites.h">
      <Filter>Header Files</Filter>
    </ClInclude>
    <ClInclude Include="baselib\include\mbedtls\ssl_cookie.h">
      <Filter>Header Files</Filter>
    </ClInclude>
    <ClInclude Include="baselib\include\mbedtls\ssl_internal.h">
      <Filter>Header Files</Filter>
    </ClInclude>
    <ClInclude Include="baselib\include\mbedtls\ssl_ticket.h">
      <Filter>Header Files</Filter>
    </ClInclude>
    <ClInclude Include="baselib\include\mbedtls\threading.h">
      <Filter>Header Files</Filter>
    </ClInclude>
    <ClInclude Include="baselib\include\mbedtls\timing.h">
      <Filter>Header Files</Filter>
    </ClInclude>
    <ClInclude Include="baselib\include\mbedtls\version.h">
      <Filter>Header Files</Filter>
    </ClInclude>
    <ClInclude Include="baselib\include\mbedtls\x509.h">
      <Filter>Header Files</Filter>
    </ClInclude>
    <ClInclude Include="baselib\include\mbedtls\x509_crl.h">
      <Filter>Header Files</Filter>
    </ClInclude>
    <ClInclude Include="baselib\include\mbedtls\x509_crt.h">
      <Filter>Header Files</Filter>
    </ClInclude>
    <ClInclude Include="baselib\include\mbedtls\x509_csr.h">
      <Filter>Header Files</Filter>
    </ClInclude>
    <ClInclude Include="baselib\include\mbedtls\xtea.h">
      <Filter>Header Files</Filter>
    </ClInclude>
    <ClInclude Include="UiFields.h">
      <Filter>Header Files</Filter>
    </ClInclude>
  </ItemGroup>
  <ItemGroup>
    <ClCompile Include="NoiService.cpp">
      <Filter>Source Files</Filter>
    </ClCompile>
    <ClCompile Include="NoiServiceDlg.cpp">
      <Filter>Source Files</Filter>
    </ClCompile>
    <ClCompile Include="stdafx.cpp">
      <Filter>Source Files</Filter>
    </ClCompile>
    <ClCompile Include="WebPageDownloader.cpp">
      <Filter>Source Files</Filter>
    </ClCompile>
    <ClCompile Include="UiFields.cpp">
      <Filter>Source Files</Filter>
    </ClCompile>
  </ItemGroup>
  <ItemGroup>
    <ResourceCompile Include="NoiService.rc">
      <Filter>Resource Files</Filter>
    </ResourceCompile>
  </ItemGroup>
  <ItemGroup>
    <None Include="res\NoiService.rc2">
      <Filter>Resource Files</Filter>
    </None>
  </ItemGroup>
  <ItemGroup>
    <Image Include="res\NoiService.ico">
      <Filter>Resource Files</Filter>
    </Image>
  </ItemGroup>
</Project>